
Microsoft Visual Studio Solution File, Format Version 12.00
# Visual Studio 15
VisualStudioVersion = 15.0.28010.2050
MinimumVisualStudioVersion = 10.0.40219.1
Project("{FAE04EC0-301F-11D3-BF4B-00C04F79EFBC}") = "MVCTraining", "MVCTraining\MVCTraining.csproj", "{F8952E0E-52B2-46D5-A650-A3A86251AA63}"
EndProject
Global
	GlobalSection(SolutionConfigurationPlatforms) = preSolution
		Debug|Any CPU = Debug|Any CPU
		Release|Any CPU = Release|Any CPU
	EndGlobalSection
	GlobalSection(ProjectConfigurationPlatforms) = postSolution
		{F8952E0E-52B2-46D5-A650-A3A86251AA63}.Debug|Any CPU.ActiveCfg = Debug|Any CPU
		{F8952E0E-52B2-46D5-A650-A3A86251AA63}.Debug|Any CPU.Build.0 = Debug|Any CPU
		{F8952E0E-52B2-46D5-A650-A3A86251AA63}.Release|Any CPU.ActiveCfg = Release|Any CPU
		{F8952E0E-52B2-46D5-A650-A3A86251AA63}.Release|Any CPU.Build.0 = Release|Any CPU
	EndGlobalSection
	GlobalSection(SolutionProperties) = preSolution
		HideSolutionNode = FALSE
	EndGlobalSection
	GlobalSection(ExtensibilityGlobals) = postSolution
		SolutionGuid = {1E74D2B9-FFC3-49DB-9E9E-4ECFB624E61C}
	EndGlobalSection
EndGlobal
